{
  "name": "trustguard-sdk-examples",
  "lockfileVersion": 3,
  "requires": true,
  "packages": {
    "": {
      "name": "trustguard-sdk-examples",
      "dependencies": {
        "@neuraltrust/trustguard-sdk": "file:../../node"
      }
    },
    "../../node": {
      "name": "@neuraltrust/trustguard-sdk",
      "version": "0.1.0",
      "license": "MIT",
      "devDependencies": {
        "@types/node": "^22.10.2",
        "tsup": "^8.3.5",
        "typescript": "^5.7.2",
        "vitest": "^2.1.8"
      },
      "engines": {
        "node": ">=18"
      }
    },
    "node_modules/@neuraltrust/trustguard-sdk": {
      "resolved": "../../node",
      "link": true
    }
  }
}
